// !$*UTF8*$!
{
	archiveVersion = 1;
	classes = {
	};
	objectVersion = 50;
	objects = {

/* Begin PBXBuildFile section */
		ED05E13C245E83CC0012152D /* GLUT.framework in Frameworks */ = {isa = PBXBuildFile; fileRef = ED05E13B245E83CC0012152D /* GLUT.framework */; };
		ED05E13D245E83CC0012152D /* GLUT.framework in Embed Frameworks */ = {isa = PBXBuildFile; fileRef = ED05E13B245E83CC0012152D /* GLUT.framework */; settings = {ATTRIBUTES = (CodeSignOnCopy, RemoveHeadersOnCopy, ); }; };
		ED0D70492412AC48004EB2C3 /* main.cpp in Sources */ = {isa = PBXBuildFile; fileRef = ED0D70482412AC48004EB2C3 /* main.cpp */; };
		ED0D70512412AD12004EB2C3 /* libGLEW.2.1.0.dylib in Frameworks */ = {isa = PBXBuildFile; fileRef = ED0D70502412AD12004EB2C3 /* libGLEW.2.1.0.dylib */; };
		ED0D70552412B02D004EB2C3 /* OpenGL.framework in Frameworks */ = {isa = PBXBuildFile; fileRef = ED0D70542412B02D004EB2C3 /* OpenGL.framework */; };
		ED0D70602413A001004EB2C3 /* LoadShaders.cpp in Sources */ = {isa = PBXBuildFile; fileRef = ED0D705C2413A000004EB2C3 /* LoadShaders.cpp */; };
		ED348E09246F815F009DFEA5 /* tiny_obj_loader.cc in Sources */ = {isa = PBXBuildFile; fileRef = ED348E08246F815F009DFEA5 /* tiny_obj_loader.cc */; };
		ED348E0B246F81D1009DFEA5 /* loadobj.cpp in Sources */ = {isa = PBXBuildFile; fileRef = ED348E0A246F81D1009DFEA5 /* loadobj.cpp */; };
		ED3B66A42497509D00BAF876 /* libode.8.dylib in Frameworks */ = {isa = PBXBuildFile; fileRef = ED85BDB9249503ED00DCA26A /* libode.8.dylib */; };
		ED3B66A72497513900BAF876 /* AGL.framework in Frameworks */ = {isa = PBXBuildFile; fileRef = ED3B66A62497513900BAF876 /* AGL.framework */; };
/* End PBXBuildFile section */

/* Begin PBXCopyFilesBuildPhase section */
		ED05E13E245E83CC0012152D /* Embed Frameworks */ = {
			isa = PBXCopyFilesBuildPhase;
			buildActionMask = 2147483647;
			dstPath = "";
			dstSubfolderSpec = 10;
			files = (
				ED05E13D245E83CC0012152D /* GLUT.framework in Embed Frameworks */,
			);
			name = "Embed Frameworks";
			runOnlyForDeploymentPostprocessing = 0;
		};
		ED0D70432412AC48004EB2C3 /* CopyFiles */ = {
			isa = PBXCopyFilesBuildPhase;
			buildActionMask = 2147483647;
			dstPath = /usr/share/man/man1/;
			dstSubfolderSpec = 0;
			files = (
			);
			runOnlyForDeploymentPostprocessing = 1;
		};
/* End PBXCopyFilesBuildPhase section */

/* Begin PBXFileReference section */
		ED05E13B245E83CC0012152D /* GLUT.framework */ = {isa = PBXFileReference; lastKnownFileType = wrapper.framework; path = GLUT.framework; sourceTree = "<group>"; };
		ED0D70452412AC48004EB2C3 /* OpenGLTest */ = {isa = PBXFileReference; explicitFileType = "compiled.mach-o.executable"; includeInIndex = 0; path = OpenGLTest; sourceTree = BUILT_PRODUCTS_DIR; };
		ED0D70482412AC48004EB2C3 /* main.cpp */ = {isa = PBXFileReference; lastKnownFileType = sourcecode.cpp.cpp; path = main.cpp; sourceTree = "<group>"; };
		ED0D70502412AD12004EB2C3 /* libGLEW.2.1.0.dylib */ = {isa = PBXFileReference; lastKnownFileType = "compiled.mach-o.dylib"; name = libGLEW.2.1.0.dylib; path = ../../../../../../../usr/local/Cellar/glew/2.1.0_1/lib/libGLEW.2.1.0.dylib; sourceTree = "<group>"; };
		ED0D70542412B02D004EB2C3 /* OpenGL.framework */ = {isa = PBXFileReference; lastKnownFileType = wrapper.framework; name = OpenGL.framework; path = ../../../../../../../Library/Developer/CommandLineTools/SDKs/MacOSX10.14.sdk/System/Library/Frameworks/OpenGL.framework; sourceTree = "<group>"; };
		ED0D705C2413A000004EB2C3 /* LoadShaders.cpp */ = {isa = PBXFileReference; fileEncoding = 4; lastKnownFileType = sourcecode.cpp.cpp; path = LoadShaders.cpp; sourceTree = "<group>"; };
		ED0D705E2413A001004EB2C3 /* LoadShaders.h */ = {isa = PBXFileReference; fileEncoding = 4; lastKnownFileType = sourcecode.c.h; path = LoadShaders.h; sourceTree = "<group>"; };
		ED2FCA74247D080200447FA7 /* stb_image.h */ = {isa = PBXFileReference; fileEncoding = 4; lastKnownFileType = sourcecode.c.h; path = stb_image.h; sourceTree = "<group>"; };
		ED348E02246F8017009DFEA5 /* loadobj.h */ = {isa = PBXFileReference; fileEncoding = 4; lastKnownFileType = sourcecode.c.h; path = loadobj.h; sourceTree = "<group>"; };
		ED348E07246F815F009DFEA5 /* tiny_obj_loader.h */ = {isa = PBXFileReference; fileEncoding = 4; lastKnownFileType = sourcecode.c.h; path = tiny_obj_loader.h; sourceTree = "<group>"; };
		ED348E08246F815F009DFEA5 /* tiny_obj_loader.cc */ = {isa = PBXFileReference; fileEncoding = 4; lastKnownFileType = sourcecode.cpp.cpp; path = tiny_obj_loader.cc; sourceTree = "<group>"; };
		ED348E0A246F81D1009DFEA5 /* loadobj.cpp */ = {isa = PBXFileReference; fileEncoding = 4; lastKnownFileType = sourcecode.cpp.cpp; path = loadobj.cpp; sourceTree = "<group>"; };
		ED3B666E249743C800BAF876 /* libBulletDynamics.2.89.dylib */ = {isa = PBXFileReference; lastKnownFileType = "compiled.mach-o.dylib"; name = libBulletDynamics.2.89.dylib; path = ../../../../usr/local/Cellar/bullet/2.89/lib/libBulletDynamics.2.89.dylib; sourceTree = "<group>"; };
		ED3B666F249743C800BAF876 /* libBulletInverseDynamics.2.89.dylib */ = {isa = PBXFileReference; lastKnownFileType = "compiled.mach-o.dylib"; name = libBulletInverseDynamics.2.89.dylib; path = ../../../../usr/local/Cellar/bullet/2.89/lib/libBulletInverseDynamics.2.89.dylib; sourceTree = "<group>"; };
		ED3B6670249743C800BAF876 /* libBullet3Collision.2.89.dylib */ = {isa = PBXFileReference; lastKnownFileType = "compiled.mach-o.dylib"; name = libBullet3Collision.2.89.dylib; path = ../../../../usr/local/Cellar/bullet/2.89/lib/libBullet3Collision.2.89.dylib; sourceTree = "<group>"; };
		ED3B6671249743C800BAF876 /* libBulletInverseDynamicsUtils.2.89.dylib */ = {isa = PBXFileReference; lastKnownFileType = "compiled.mach-o.dylib"; name = libBulletInverseDynamicsUtils.2.89.dylib; path = ../../../../usr/local/Cellar/bullet/2.89/lib/libBulletInverseDynamicsUtils.2.89.dylib; sourceTree = "<group>"; };
		ED3B6672249743C800BAF876 /* libBullet3Geometry.2.89.dylib */ = {isa = PBXFileReference; lastKnownFileType = "compiled.mach-o.dylib"; name = libBullet3Geometry.2.89.dylib; path = ../../../../usr/local/Cellar/bullet/2.89/lib/libBullet3Geometry.2.89.dylib; sourceTree = "<group>"; };
		ED3B6673249743C800BAF876 /* libBullet3Common.2.89.dylib */ = {isa = PBXFileReference; lastKnownFileType = "compiled.mach-o.dylib"; name = libBullet3Common.2.89.dylib; path = ../../../../usr/local/Cellar/bullet/2.89/lib/libBullet3Common.2.89.dylib; sourceTree = "<group>"; };
		ED3B6674249743C800BAF876 /* libBulletCollision.2.89.dylib */ = {isa = PBXFileReference; lastKnownFileType = "compiled.mach-o.dylib"; name = libBulletCollision.2.89.dylib; path = ../../../../usr/local/Cellar/bullet/2.89/lib/libBulletCollision.2.89.dylib; sourceTree = "<group>"; };
		ED3B6675249743C800BAF876 /* libBullet3Dynamics.2.89.dylib */ = {isa = PBXFileReference; lastKnownFileType = "compiled.mach-o.dylib"; name = libBullet3Dynamics.2.89.dylib; path = ../../../../usr/local/Cellar/bullet/2.89/lib/libBullet3Dynamics.2.89.dylib; sourceTree = "<group>"; };
		ED3B6676249743C800BAF876 /* libBullet3OpenCL_clew.2.89.dylib */ = {isa = PBXFileReference; lastKnownFileType = "compiled.mach-o.dylib"; name = libBullet3OpenCL_clew.2.89.dylib; path = ../../../../usr/local/Cellar/bullet/2.89/lib/libBullet3OpenCL_clew.2.89.dylib; sourceTree = "<group>"; };
		ED3B6677249743C800BAF876 /* libBulletFileLoader.2.89.dylib */ = {isa = PBXFileReference; lastKnownFileType = "compiled.mach-o.dylib"; name = libBulletFileLoader.2.89.dylib; path = ../../../../usr/local/Cellar/bullet/2.89/lib/libBulletFileLoader.2.89.dylib; sourceTree = "<group>"; };
		ED3B668C2497450000BAF876 /* libGIMPACTUtils.2.89.dylib */ = {isa = PBXFileReference; lastKnownFileType = "compiled.mach-o.dylib"; name = libGIMPACTUtils.2.89.dylib; path = ../../../../usr/local/Cellar/bullet/2.89/lib/libGIMPACTUtils.2.89.dylib; sourceTree = "<group>"; };
		ED3B668D2497450000BAF876 /* libConvexDecomposition.2.89.dylib */ = {isa = PBXFileReference; lastKnownFileType = "compiled.mach-o.dylib"; name = libConvexDecomposition.2.89.dylib; path = ../../../../usr/local/Cellar/bullet/2.89/lib/libConvexDecomposition.2.89.dylib; sourceTree = "<group>"; };
		ED3B668E2497450000BAF876 /* libBulletSoftBody.2.89.dylib */ = {isa = PBXFileReference; lastKnownFileType = "compiled.mach-o.dylib"; name = libBulletSoftBody.2.89.dylib; path = ../../../../usr/local/Cellar/bullet/2.89/lib/libBulletSoftBody.2.89.dylib; sourceTree = "<group>"; };
		ED3B668F2497450000BAF876 /* libBulletXmlWorldImporter.2.89.dylib */ = {isa = PBXFileReference; lastKnownFileType = "compiled.mach-o.dylib"; name = libBulletXmlWorldImporter.2.89.dylib; path = ../../../../usr/local/Cellar/bullet/2.89/lib/libBulletXmlWorldImporter.2.89.dylib; sourceTree = "<group>"; };
		ED3B66902497450000BAF876 /* libBulletWorldImporter.2.89.dylib */ = {isa = PBXFileReference; lastKnownFileType = "compiled.mach-o.dylib"; name = libBulletWorldImporter.2.89.dylib; path = ../../../../usr/local/Cellar/bullet/2.89/lib/libBulletWorldImporter.2.89.dylib; sourceTree = "<group>"; };
		ED3B66912497450000BAF876 /* libBulletRobotics.2.89.dylib */ = {isa = PBXFileReference; lastKnownFileType = "compiled.mach-o.dylib"; name = libBulletRobotics.2.89.dylib; path = ../../../../usr/local/Cellar/bullet/2.89/lib/libBulletRobotics.2.89.dylib; sourceTree = "<group>"; };
		ED3B66922497450000BAF876 /* libHACD.2.89.dylib */ = {isa = PBXFileReference; lastKnownFileType = "compiled.mach-o.dylib"; name = libHACD.2.89.dylib; path = ../../../../usr/local/Cellar/bullet/2.89/lib/libHACD.2.89.dylib; sourceTree = "<group>"; };
		ED3B66932497450000BAF876 /* libLinearMath.2.89.dylib */ = {isa = PBXFileReference; lastKnownFileType = "compiled.mach-o.dylib"; name = libLinearMath.2.89.dylib; path = ../../../../usr/local/Cellar/bullet/2.89/lib/libLinearMath.2.89.dylib; sourceTree = "<group>"; };
		ED3B66A62497513900BAF876 /* AGL.framework */ = {isa = PBXFileReference; lastKnownFileType = wrapper.framework; name = AGL.framework; path = System/Library/Frameworks/AGL.framework; sourceTree = SDKROOT; };
		ED85BDB9249503ED00DCA26A /* libode.8.dylib */ = {isa = PBXFileReference; lastKnownFileType = "compiled.mach-o.dylib"; name = libode.8.dylib; path = ../../../../usr/local/Cellar/ode/0.16.1/lib/libode.8.dylib; sourceTree = "<group>"; };
		EDB35E98248CB04B00932839 /* fac_270.jpg */ = {isa = PBXFileReference; lastKnownFileType = image.jpeg; path = fac_270.jpg; sourceTree = "<group>"; };
		EDB35E99248CB04B00932839 /* antenna.jpg */ = {isa = PBXFileReference; lastKnownFileType = image.jpeg; path = antenna.jpg; sourceTree = "<group>"; };
		EDB35E9A248CB04B00932839 /* DysCementWalls.jpg */ = {isa = PBXFileReference; lastKnownFileType = image.jpeg; path = DysCementWalls.jpg; sourceTree = "<group>"; };
		EDB35E9B248CB04B00932839 /* flatro5.jpg */ = {isa = PBXFileReference; lastKnownFileType = image.jpeg; path = flatro5.jpg; sourceTree = "<group>"; };
		EDB35E9C248CB04B00932839 /* wnd1.jpg */ = {isa = PBXFileReference; lastKnownFileType = image.jpeg; path = wnd1.jpg; sourceTree = "<group>"; };
		EDB35E9D248CB04B00932839 /* bh2.jpg */ = {isa = PBXFileReference; lastKnownFileType = image.jpeg; path = bh2.jpg; sourceTree = "<group>"; };
		EDB35E9E248CB04B00932839 /* flatro0.jpg */ = {isa = PBXFileReference; lastKnownFileType = image.jpeg; path = flatro0.jpg; sourceTree = "<group>"; };
		EDB35E9F248CB04B00932839 /* fac_231.jpg */ = {isa = PBXFileReference; lastKnownFileType = image.jpeg; path = fac_231.jpg; sourceTree = "<group>"; };
		EDB35EA0248CB04B00932839 /* 003disgudsi1.jpg */ = {isa = PBXFileReference; lastKnownFileType = image.jpeg; path = 003disgudsi1.jpg; sourceTree = "<group>"; };
		EDB35EA1248CB04B00932839 /* dfg1.jpg */ = {isa = PBXFileReference; lastKnownFileType = image.jpeg; path = dfg1.jpg; sourceTree = "<group>"; };
		EDB35EA2248CB04B00932839 /* flatro9.jpg */ = {isa = PBXFileReference; lastKnownFileType = image.jpeg; path = flatro9.jpg; sourceTree = "<group>"; };
		EDB35EA3248CB04B00932839 /* c2b_03_01.jpg */ = {isa = PBXFileReference; lastKnownFileType = image.jpeg; path = c2b_03_01.jpg; sourceTree = "<group>"; };
		EDB35EA4248CB04B00932839 /* fac_291.jpg */ = {isa = PBXFileReference; lastKnownFileType = image.jpeg; path = fac_291.jpg; sourceTree = "<group>"; };
		EDB35EA5248CB04B00932839 /* gr1.jpg */ = {isa = PBXFileReference; lastKnownFileType = image.jpeg; path = gr1.jpg; sourceTree = "<group>"; };
		EDB35EA6248CB04B00932839 /* fac_250.jpg */ = {isa = PBXFileReference; lastKnownFileType = image.jpeg; path = fac_250.jpg; sourceTree = "<group>"; };
		EDB35EA7248CB04B00932839 /* fac_240.jpg */ = {isa = PBXFileReference; lastKnownFileType = image.jpeg; path = fac_240.jpg; sourceTree = "<group>"; };
		EDB35EA8248CB04B00932839 /* fma.jpg */ = {isa = PBXFileReference; lastKnownFileType = image.jpeg; path = fma.jpg; sourceTree = "<group>"; };
		EDB35EA9248CB04B00932839 /* fac_280.jpg */ = {isa = PBXFileReference; lastKnownFileType = image.jpeg; path = fac_280.jpg; sourceTree = "<group>"; };
		EDB35EAA248CB04B00932839 /* serpentine city.obj */ = {isa = PBXFileReference; fileEncoding = 4; lastKnownFileType = text; path = "serpentine city.obj"; sourceTree = "<group>"; };
		EDB35EAB248CB04B00932839 /* serpentine_city.mtl */ = {isa = PBXFileReference; fileEncoding = 4; lastKnownFileType = text; path = serpentine_city.mtl; sourceTree = "<group>"; };
		EDB35EAD248CB04B00932839 /* Patrick.obj */ = {isa = PBXFileReference; fileEncoding = 4; lastKnownFileType = text; path = Patrick.obj; sourceTree = "<group>"; };
		EDB35EAE248CB04B00932839 /* Flowers.png */ = {isa = PBXFileReference; lastKnownFileType = image.png; path = Flowers.png; sourceTree = "<group>"; };
		EDB35EAF248CB04B00932839 /* Skin_Patrick.png */ = {isa = PBXFileReference; lastKnownFileType = image.png; path = Skin_Patrick.png; sourceTree = "<group>"; };
		EDB35EB0248CB04B00932839 /* Color.png */ = {isa = PBXFileReference; lastKnownFileType = image.png; path = Color.png; sourceTree = "<group>"; };
		EDB35EB1248CB04B00932839 /* Patrick.mtl */ = {isa = PBXFileReference; fileEncoding = 4; lastKnownFileType = text; path = Patrick.mtl; sourceTree = "<group>"; };
		EDDF0FF1249104EC0075B679 /* LEGO_CAR_B2.mtl */ = {isa = PBXFileReference; fileEncoding = 4; lastKnownFileType = text; path = LEGO_CAR_B2.mtl; sourceTree = "<group>"; };
		EDDF0FF2249104EC0075B679 /* LEGO_CAR_B2.obj */ = {isa = PBXFileReference; fileEncoding = 4; lastKnownFileType = text; path = LEGO_CAR_B2.obj; sourceTree = "<group>"; };
		EDDF0FF32491EDE40075B679 /* cart.frag */ = {isa = PBXFileReference; fileEncoding = 4; lastKnownFileType = sourcecode.glsl; path = cart.frag; sourceTree = "<group>"; };
		EDDF0FF42491EDE40075B679 /* cart.vert */ = {isa = PBXFileReference; fileEncoding = 4; lastKnownFileType = sourcecode.glsl; path = cart.vert; sourceTree = "<group>"; };
		EDE824F92493544700CD2FB0 /* tex_barrier 01_d.png */ = {isa = PBXFileReference; lastKnownFileType = image.png; path = "tex_barrier 01_d.png"; sourceTree = "<group>"; };
		EDE824FA2493544700CD2FB0 /* tex_barrier 01_s.png */ = {isa = PBXFileReference; lastKnownFileType = image.png; path = "tex_barrier 01_s.png"; sourceTree = "<group>"; };
		EDE824FC2493544700CD2FB0 /* Road Barrier 01a.an8 */ = {isa = PBXFileReference; fileEncoding = 4; lastKnownFileType = text; path = "Road Barrier 01a.an8"; sourceTree = "<group>"; };
		EDE824FD2493544700CD2FB0 /* Road Barrier 01a.obj */ = {isa = PBXFileReference; fileEncoding = 4; lastKnownFileType = text; path = "Road Barrier 01a.obj"; sourceTree = "<group>"; };
		EDE824FE2493544700CD2FB0 /* Road Barrier 01a.mtl */ = {isa = PBXFileReference; fileEncoding = 4; lastKnownFileType = text; path = "Road Barrier 01a.mtl"; sourceTree = "<group>"; };
		EDE824FF2493544700CD2FB0 /* Road Barrier 01a.3ds */ = {isa = PBXFileReference; lastKnownFileType = file; path = "Road Barrier 01a.3ds"; sourceTree = "<group>"; };
		EDE825012493544700CD2FB0 /* road barrier 01c.obj */ = {isa = PBXFileReference; fileEncoding = 4; lastKnownFileType = text; path = "road barrier 01c.obj"; sourceTree = "<group>"; };
		EDE825022493544700CD2FB0 /* Road Barrier 01c.an8 */ = {isa = PBXFileReference; fileEncoding = 4; lastKnownFileType = text; path = "Road Barrier 01c.an8"; sourceTree = "<group>"; };
		EDE825032493544700CD2FB0 /* road barrier 01c.mtl */ = {isa = PBXFileReference; fileEncoding = 4; lastKnownFileType = text; path = "road barrier 01c.mtl"; sourceTree = "<group>"; };
		EDE825042493544700CD2FB0 /* Road Barrier 01c.lum */ = {isa = PBXFileReference; lastKnownFileType = file; path = "Road Barrier 01c.lum"; sourceTree = "<group>"; };
		EDE825052493544700CD2FB0 /* Road Barrier 01c.3ds */ = {isa = PBXFileReference; lastKnownFileType = file; path = "Road Barrier 01c.3ds"; sourceTree = "<group>"; };
		EDE825072493544700CD2FB0 /* Road Barrier 01b.obj */ = {isa = PBXFileReference; fileEncoding = 4; lastKnownFileType = text; path = "Road Barrier 01b.obj"; sourceTree = "<group>"; };
		EDE825082493544700CD2FB0 /* Road Barrier 01b.an8 */ = {isa = PBXFileReference; fileEncoding = 4; lastKnownFileType = text; path = "Road Barrier 01b.an8"; sourceTree = "<group>"; };
		EDE825092493544700CD2FB0 /* Road Barrier 01b.mtl */ = {isa = PBXFileReference; fileEncoding = 4; lastKnownFileType = text; path = "Road Barrier 01b.mtl"; sourceTree = "<group>"; };
		EDE8250A2493544700CD2FB0 /* Road Barrier 01b.3ds */ = {isa = PBXFileReference; lastKnownFileType = file; path = "Road Barrier 01b.3ds"; sourceTree = "<group>"; };
		EDE8250B2493544700CD2FB0 /* Read Me.txt */ = {isa = PBXFileReference; fileEncoding = 4; lastKnownFileType = text; path = "Read Me.txt"; sourceTree = "<group>"; };
		EDE8250C2493544700CD2FB0 /* tex_barrier 01_n.png */ = {isa = PBXFileReference; lastKnownFileType = image.png; path = "tex_barrier 01_n.png"; sourceTree = "<group>"; };
/* End PBXFileReference section */

/* Begin PBXFrameworksBuildPhase section */
		ED0D70422412AC48004EB2C3 /* Frameworks */ = {
			isa = PBXFrameworksBuildPhase;
			buildActionMask = 2147483647;
			files = (
				ED0D70512412AD12004EB2C3 /* libGLEW.2.1.0.dylib in Frameworks */,
				ED3B66A42497509D00BAF876 /* libode.8.dylib in Frameworks */,
				ED3B66A72497513900BAF876 /* AGL.framework in Frameworks */,
				ED0D70552412B02D004EB2C3 /* OpenGL.framework in Frameworks */,
				ED05E13C245E83CC0012152D /* GLUT.framework in Frameworks */,
			);
			runOnlyForDeploymentPostprocessing = 0;
		};
/* End PBXFrameworksBuildPhase section */

/* Begin PBXGroup section */
		ED0D703C2412AC48004EB2C3 = {
			isa = PBXGroup;
			children = (
				ED0D70472412AC48004EB2C3 /* OpenGLTest */,
				ED0D70462412AC48004EB2C3 /* Products */,
				ED0D704F2412AD12004EB2C3 /* Frameworks */,
			);
			sourceTree = "<group>";
		};
		ED0D70462412AC48004EB2C3 /* Products */ = {
			isa = PBXGroup;
			children = (
				ED0D70452412AC48004EB2C3 /* OpenGLTest */,
			);
			name = Products;
			sourceTree = "<group>";
		};
		ED0D70472412AC48004EB2C3 /* OpenGLTest */ = {
			isa = PBXGroup;
			children = (
				EDB35E95248CB04B00932839 /* project_obj */,
				ED0D705C2413A000004EB2C3 /* LoadShaders.cpp */,
				ED0D705E2413A001004EB2C3 /* LoadShaders.h */,
				ED0D70482412AC48004EB2C3 /* main.cpp */,
				ED2FCA74247D080200447FA7 /* stb_image.h */,
				ED348E02246F8017009DFEA5 /* loadobj.h */,
				ED348E0A246F81D1009DFEA5 /* loadobj.cpp */,
				ED348E08246F815F009DFEA5 /* tiny_obj_loader.cc */,
				ED348E07246F815F009DFEA5 /* tiny_obj_loader.h */,
				EDDF0FF32491EDE40075B679 /* cart.frag */,
				EDDF0FF42491EDE40075B679 /* cart.vert */,
			);
			path = OpenGLTest;
			sourceTree = "<group>";
		};
		ED0D704F2412AD12004EB2C3 /* Frameworks */ = {
			isa = PBXGroup;
			children = (
				ED3B66A62497513900BAF876 /* AGL.framework */,
				ED3B66912497450000BAF876 /* libBulletRobotics.2.89.dylib */,
				ED3B668E2497450000BAF876 /* libBulletSoftBody.2.89.dylib */,
				ED3B66902497450000BAF876 /* libBulletWorldImporter.2.89.dylib */,
				ED3B668F2497450000BAF876 /* libBulletXmlWorldImporter.2.89.dylib */,
				ED3B668D2497450000BAF876 /* libConvexDecomposition.2.89.dylib */,
				ED3B668C2497450000BAF876 /* libGIMPACTUtils.2.89.dylib */,
				ED3B66922497450000BAF876 /* libHACD.2.89.dylib */,
				ED3B66932497450000BAF876 /* libLinearMath.2.89.dylib */,
				ED3B6670249743C800BAF876 /* libBullet3Collision.2.89.dylib */,
				ED3B6673249743C800BAF876 /* libBullet3Common.2.89.dylib */,
				ED3B6675249743C800BAF876 /* libBullet3Dynamics.2.89.dylib */,
				ED3B6672249743C800BAF876 /* libBullet3Geometry.2.89.dylib */,
				ED3B6676249743C800BAF876 /* libBullet3OpenCL_clew.2.89.dylib */,
				ED3B6674249743C800BAF876 /* libBulletCollision.2.89.dylib */,
				ED3B666E249743C800BAF876 /* libBulletDynamics.2.89.dylib */,
				ED3B6677249743C800BAF876 /* libBulletFileLoader.2.89.dylib */,
				ED3B666F249743C800BAF876 /* libBulletInverseDynamics.2.89.dylib */,
				ED3B6671249743C800BAF876 /* libBulletInverseDynamicsUtils.2.89.dylib */,
				ED85BDB9249503ED00DCA26A /* libode.8.dylib */,
				ED05E13B245E83CC0012152D /* GLUT.framework */,
				ED0D70542412B02D004EB2C3 /* OpenGL.framework */,
				ED0D70502412AD12004EB2C3 /* libGLEW.2.1.0.dylib */,
			);
			name = Frameworks;
			sourceTree = "<group>";
		};
		ED696520248CE79600934952 /* Car */ = {
			isa = PBXGroup;
			children = (
				EDDF0FF1249104EC0075B679 /* LEGO_CAR_B2.mtl */,
				EDDF0FF2249104EC0075B679 /* LEGO_CAR_B2.obj */,
			);
			path = Car;
			sourceTree = "<group>";
		};
		EDB35E95248CB04B00932839 /* project_obj */ = {
			isa = PBXGroup;
			children = (
				EDE824F82493544700CD2FB0 /* road_barrier */,
				ED696520248CE79600934952 /* Car */,
				EDB35E96248CB04B00932839 /* City */,
				EDB35EAC248CB04B00932839 /* Patrick */,
			);
			path = project_obj;
			sourceTree = "<group>";
		};
		EDB35E96248CB04B00932839 /* City */ = {
			isa = PBXGroup;
			children = (
				EDB35E97248CB04B00932839 /* Maps */,
				EDB35EAA248CB04B00932839 /* serpentine city.obj */,
				EDB35EAB248CB04B00932839 /* serpentine_city.mtl */,
			);
			path = City;
			sourceTree = "<group>";
		};
		EDB35E97248CB04B00932839 /* Maps */ = {
			isa = PBXGroup;
			children = (
				EDB35E98248CB04B00932839 /* fac_270.jpg */,
				EDB35E99248CB04B00932839 /* antenna.jpg */,
				EDB35E9A248CB04B00932839 /* DysCementWalls.jpg */,
				EDB35E9B248CB04B00932839 /* flatro5.jpg */,
				EDB35E9C248CB04B00932839 /* wnd1.jpg */,
				EDB35E9D248CB04B00932839 /* bh2.jpg */,
				EDB35E9E248CB04B00932839 /* flatro0.jpg */,
				EDB35E9F248CB04B00932839 /* fac_231.jpg */,
				EDB35EA0248CB04B00932839 /* 003disgudsi1.jpg */,
				EDB35EA1248CB04B00932839 /* dfg1.jpg */,
				EDB35EA2248CB04B00932839 /* flatro9.jpg */,
				EDB35EA3248CB04B00932839 /* c2b_03_01.jpg */,
				EDB35EA4248CB04B00932839 /* fac_291.jpg */,
				EDB35EA5248CB04B00932839 /* gr1.jpg */,
				EDB35EA6248CB04B00932839 /* fac_250.jpg */,
				EDB35EA7248CB04B00932839 /* fac_240.jpg */,
				EDB35EA8248CB04B00932839 /* fma.jpg */,
				EDB35EA9248CB04B00932839 /* fac_280.jpg */,
			);
			path = Maps;
			sourceTree = "<group>";
		};
		EDB35EAC248CB04B00932839 /* Patrick */ = {
			isa = PBXGroup;
			children = (
				EDB35EAD248CB04B00932839 /* Patrick.obj */,
				EDB35EAE248CB04B00932839 /* Flowers.png */,
				EDB35EAF248CB04B00932839 /* Skin_Patrick.png */,
				EDB35EB0248CB04B00932839 /* Color.png */,
				EDB35EB1248CB04B00932839 /* Patrick.mtl */,
			);
			path = Patrick;
			sourceTree = "<group>";
		};
		EDE824F82493544700CD2FB0 /* road_barrier */ = {
			isa = PBXGroup;
			children = (
				EDE824FA2493544700CD2FB0 /* tex_barrier 01_s.png */,
				EDE824F92493544700CD2FB0 /* tex_barrier 01_d.png */,
				EDE824FB2493544700CD2FB0 /* Road Barrier 01 */,
				EDE825002493544700CD2FB0 /* Road Barrier 03 */,
				EDE825062493544700CD2FB0 /* Road Barrier 02 */,
				EDE8250B2493544700CD2FB0 /* Read Me.txt */,
				EDE8250C2493544700CD2FB0 /* tex_barrier 01_n.png */,
			);
			path = road_barrier;
			sourceTree = "<group>";
		};
		EDE824FB2493544700CD2FB0 /* Road Barrier 01 */ = {
			isa = PBXGroup;
			children = (
				EDE824FC2493544700CD2FB0 /* Road Barrier 01a.an8 */,
				EDE824FD2493544700CD2FB0 /* Road Barrier 01a.obj */,
				EDE824FE2493544700CD2FB0 /* Road Barrier 01a.mtl */,
				EDE824FF2493544700CD2FB0 /* Road Barrier 01a.3ds */,
			);
			path = "Road Barrier 01";
			sourceTree = "<group>";
		};
		EDE825002493544700CD2FB0 /* Road Barrier 03 */ = {
			isa = PBXGroup;
			children = (
				EDE825012493544700CD2FB0 /* road barrier 01c.obj */,
				EDE825022493544700CD2FB0 /* Road Barrier 01c.an8 */,
				EDE825032493544700CD2FB0 /* road barrier 01c.mtl */,
				EDE825042493544700CD2FB0 /* Road Barrier 01c.lum */,
				EDE825052493544700CD2FB0 /* Road Barrier 01c.3ds */,
			);
			path = "Road Barrier 03";
			sourceTree = "<group>";
		};
		EDE825062493544700CD2FB0 /* Road Barrier 02 */ = {
			isa = PBXGroup;
			children = (
				EDE825072493544700CD2FB0 /* Road Barrier 01b.obj */,
				EDE825082493544700CD2FB0 /* Road Barrier 01b.an8 */,
				EDE825092493544700CD2FB0 /* Road Barrier 01b.mtl */,
				EDE8250A2493544700CD2FB0 /* Road Barrier 01b.3ds */,
			);
			path = "Road Barrier 02";
			sourceTree = "<group>";
		};
/* End PBXGroup section */

/* Begin PBXNativeTarget section */
		ED0D70442412AC48004EB2C3 /* OpenGLTest */ = {
			isa = PBXNativeTarget;
			buildConfigurationList = ED0D704C2412AC48004EB2C3 /* Build configuration list for PBXNativeTarget "OpenGLTest" */;
			buildPhases = (
				ED0D70412412AC48004EB2C3 /* Sources */,
				ED0D70422412AC48004EB2C3 /* Frameworks */,
				ED0D70432412AC48004EB2C3 /* CopyFiles */,
				ED05E13E245E83CC0012152D /* Embed Frameworks */,
			);
			buildRules = (
			);
			dependencies = (
			);
			name = OpenGLTest;
			productName = OpenGLTest;
			productReference = ED0D70452412AC48004EB2C3 /* OpenGLTest */;
			productType = "com.apple.product-type.tool";
		};
/* End PBXNativeTarget section */

/* Begin PBXProject section */
		ED0D703D2412AC48004EB2C3 /* Project object */ = {
			isa = PBXProject;
			attributes = {
				LastUpgradeCheck = 1130;
				ORGANIZATIONNAME = "Sung Min Kim";
				TargetAttributes = {
					ED0D70442412AC48004EB2C3 = {
						CreatedOnToolsVersion = 11.3.1;
					};
				};
			};
			buildConfigurationList = ED0D70402412AC48004EB2C3 /* Build configuration list for PBXProject "OpenGLTest" */;
			compatibilityVersion = "Xcode 9.3";
			developmentRegion = en;
			hasScannedForEncodings = 0;
			knownRegions = (
				en,
				Base,
			);
			mainGroup = ED0D703C2412AC48004EB2C3;
			productRefGroup = ED0D70462412AC48004EB2C3 /* Products */;
			projectDirPath = "";
			projectRoot = "";
			targets = (
				ED0D70442412AC48004EB2C3 /* OpenGLTest */,
			);
		};
/* End PBXProject section */

/* Begin PBXSourcesBuildPhase section */
		ED0D70412412AC48004EB2C3 /* Sources */ = {
			isa = PBXSourcesBuildPhase;
			buildActionMask = 2147483647;
			files = (
				ED0D70602413A001004EB2C3 /* LoadShaders.cpp in Sources */,
				ED348E09246F815F009DFEA5 /* tiny_obj_loader.cc in Sources */,
				ED0D70492412AC48004EB2C3 /* main.cpp in Sources */,
				ED348E0B246F81D1009DFEA5 /* loadobj.cpp in Sources */,
			);
			runOnlyForDeploymentPostprocessing = 0;
		};
/* End PBXSourcesBuildPhase section */

/* Begin XCBuildConfiguration section */
		ED0D704A2412AC48004EB2C3 /* Debug */ = {
			isa = XCBuildConfiguration;
			buildSettings = {
				ALWAYS_SEARCH_USER_PATHS = NO;
				CLANG_ANALYZER_NONNULL = YES;
				CLANG_ANALYZER_NUMBER_OBJECT_CONVERSION = YES_AGGRESSIVE;
				CLANG_CXX_LANGUAGE_STANDARD = "gnu++14";
				CLANG_CXX_LIBRARY = "libc++";
				CLANG_ENABLE_MODULES = YES;
				CLANG_ENABLE_OBJC_ARC = YES;
				CLANG_ENABLE_OBJC_WEAK = YES;
				CLANG_WARN_BLOCK_CAPTURE_AUTORELEASING = YES;
				CLANG_WARN_BOOL_CONVERSION = YES;
				CLANG_WARN_COMMA = YES;
				CLANG_WARN_CONSTANT_CONVERSION = YES;
				CLANG_WARN_DEPRECATED_OBJC_IMPLEMENTATIONS = YES;
				CLANG_WARN_DIRECT_OBJC_ISA_USAGE = YES_ERROR;
				CLANG_WARN_DOCUMENTATION_COMMENTS = YES;
				CLANG_WARN_EMPTY_BODY = YES;
				CLANG_WARN_ENUM_CONVERSION = YES;
				CLANG_WARN_INFINITE_RECURSION = YES;
				CLANG_WARN_INT_CONVERSION = YES;
				CLANG_WARN_NON_LITERAL_NULL_CONVERSION = YES;
				CLANG_WARN_OBJC_IMPLICIT_RETAIN_SELF = YES;
				CLANG_WARN_OBJC_LITERAL_CONVERSION = YES;
				CLANG_WARN_OBJC_ROOT_CLASS = YES_ERROR;
				CLANG_WARN_RANGE_LOOP_ANALYSIS = YES;
				CLANG_WARN_STRICT_PROTOTYPES = YES;
				CLANG_WARN_SUSPICIOUS_MOVE = YES;
				CLANG_WARN_UNGUARDED_AVAILABILITY = YES_AGGRESSIVE;
				CLANG_WARN_UNREACHABLE_CODE = YES;
				CLANG_WARN__DUPLICATE_METHOD_MATCH = YES;
				COPY_PHASE_STRIP = NO;
				DEBUG_INFORMATION_FORMAT = dwarf;
				ENABLE_STRICT_OBJC_MSGSEND = YES;
				ENABLE_TESTABILITY = YES;
				GCC_C_LANGUAGE_STANDARD = gnu11;
				GCC_DYNAMIC_NO_PIC = NO;
				GCC_NO_COMMON_BLOCKS = YES;
				GCC_OPTIMIZATION_LEVEL = 0;
				GCC_PREPROCESSOR_DEFINITIONS = (
					"DEBUG=1",
					"$(inherited)",
				);
				GCC_WARN_64_TO_32_BIT_CONVERSION = YES;
				GCC_WARN_ABOUT_RETURN_TYPE = YES_ERROR;
				GCC_WARN_UNDECLARED_SELECTOR = YES;
				GCC_WARN_UNINITIALIZED_AUTOS = YES_AGGRESSIVE;
				GCC_WARN_UNUSED_FUNCTION = YES;
				GCC_WARN_UNUSED_VARIABLE = YES;
				MACOSX_DEPLOYMENT_TARGET = 10.14;
				MTL_ENABLE_DEBUG_INFO = INCLUDE_SOURCE;
				MTL_FAST_MATH = YES;
				ONLY_ACTIVE_ARCH = YES;
				SDKROOT = macosx;
			};
			name = Debug;
		};
		ED0D704B2412AC48004EB2C3 /* Release */ = {
			isa = XCBuildConfiguration;
			buildSettings = {
				ALWAYS_SEARCH_USER_PATHS = NO;
				CLANG_ANALYZER_NONNULL = YES;
				CLANG_ANALYZER_NUMBER_OBJECT_CONVERSION = YES_AGGRESSIVE;
				CLANG_CXX_LANGUAGE_STANDARD = "gnu++14";
				CLANG_CXX_LIBRARY = "libc++";
				CLANG_ENABLE_MODULES = YES;
				CLANG_ENABLE_OBJC_ARC = YES;
				CLANG_ENABLE_OBJC_WEAK = YES;
				CLANG_WARN_BLOCK_CAPTURE_AUTORELEASING = YES;
				CLANG_WARN_BOOL_CONVERSION = YES;
				CLANG_WARN_COMMA = YES;
				CLANG_WARN_CONSTANT_CONVERSION = YES;
				CLANG_WARN_DEPRECATED_OBJC_IMPLEMENTATIONS = YES;
				CLANG_WARN_DIRECT_OBJC_ISA_USAGE = YES_ERROR;
				CLANG_WARN_DOCUMENTATION_COMMENTS = YES;
				CLANG_WARN_EMPTY_BODY = YES;
				CLANG_WARN_ENUM_CONVERSION = YES;
				CLANG_WARN_INFINITE_RECURSION = YES;
				CLANG_WARN_INT_CONVERSION = YES;
				CLANG_WARN_NON_LITERAL_NULL_CONVERSION = YES;
				CLANG_WARN_OBJC_IMPLICIT_RETAIN_SELF = YES;
				CLANG_WARN_OBJC_LITERAL_CONVERSION = YES;
				CLANG_WARN_OBJC_ROOT_CLASS = YES_ERROR;
				CLANG_WARN_RANGE_LOOP_ANALYSIS = YES;
				CLANG_WARN_STRICT_PROTOTYPES = YES;
				CLANG_WARN_SUSPICIOUS_MOVE = YES;
				CLANG_WARN_UNGUARDED_AVAILABILITY = YES_AGGRESSIVE;
				CLANG_WARN_UNREACHABLE_CODE = YES;
				CLANG_WARN__DUPLICATE_METHOD_MATCH = YES;
				COPY_PHASE_STRIP = NO;
				DEBUG_INFORMATION_FORMAT = "dwarf-with-dsym";
				ENABLE_NS_ASSERTIONS = NO;
				ENABLE_STRICT_OBJC_MSGSEND = YES;
				GCC_C_LANGUAGE_STANDARD = gnu11;
				GCC_NO_COMMON_BLOCKS = YES;
				GCC_WARN_64_TO_32_BIT_CONVERSION = YES;
				GCC_WARN_ABOUT_RETURN_TYPE = YES_ERROR;
				GCC_WARN_UNDECLARED_SELECTOR = YES;
				GCC_WARN_UNINITIALIZED_AUTOS = YES_AGGRESSIVE;
				GCC_WARN_UNUSED_FUNCTION = YES;
				GCC_WARN_UNUSED_VARIABLE = YES;
				MACOSX_DEPLOYMENT_TARGET = 10.14;
				MTL_ENABLE_DEBUG_INFO = NO;
				MTL_FAST_MATH = YES;
				SDKROOT = macosx;
			};
			name = Release;
		};
		ED0D704D2412AC48004EB2C3 /* Debug */ = {
			isa = XCBuildConfiguration;
			buildSettings = {
				ALWAYS_SEARCH_USER_PATHS = YES;
				CODE_SIGN_STYLE = Automatic;
				FRAMEWORK_SEARCH_PATHS = (
					"$(inherited)",
					"$(PROJECT_DIR)",
				);
				HEADER_SEARCH_PATHS = (
					/usr/local/Cellar/glew/2.1.0_1/include,
					/usr/local/Cellar/glm/0.9.9.5/include,
					/usr/local/Cellar/ode/0.16.1/include,
				);
				LIBRARY_SEARCH_PATHS = (
					"$(inherited)",
					/usr/local/Cellar/glew/2.1.0_1/lib,
					/usr/local/Cellar/ode/0.16.1/lib,
					/usr/local/Cellar/bullet/2.89/lib,
				);
				MACOSX_DEPLOYMENT_TARGET = 10.14;
				PRODUCT_NAME = "$(TARGET_NAME)";
			};
			name = Debug;
		};
		ED0D704E2412AC48004EB2C3 /* Release */ = {
			isa = XCBuildConfiguration;
			buildSettings = {
				ALWAYS_SEARCH_USER_PATHS = YES;
				CODE_SIGN_STYLE = Automatic;
				FRAMEWORK_SEARCH_PATHS = (
					"$(inherited)",
					"$(PROJECT_DIR)",
				);
				HEADER_SEARCH_PATHS = (
					/usr/local/Cellar/glew/2.1.0_1/include,
					/usr/local/Cellar/glm/0.9.9.5/include,
					/usr/local/Cellar/ode/0.16.1/include,
				);
				LIBRARY_SEARCH_PATHS = (
					"$(inherited)",
					/usr/local/Cellar/glew/2.1.0_1/lib,
					/usr/local/Cellar/ode/0.16.1/lib,
					/usr/local/Cellar/bullet/2.89/lib,
				);
				MACOSX_DEPLOYMENT_TARGET = 10.14;
				PRODUCT_NAME = "$(TARGET_NAME)";
			};
			name = Release;
		};
/* End XCBuildConfiguration section */

/* Begin XCConfigurationList section */
		ED0D70402412AC48004EB2C3 /* Build configuration list for PBXProject "OpenGLTest" */ = {
			isa = XCConfigurationList;
			buildConfigurations = (
				ED0D704A2412AC48004EB2C3 /* Debug */,
				ED0D704B2412AC48004EB2C3 /* Release */,
			);
			defaultConfigurationIsVisible = 0;
			defaultConfigurationName = Release;
		};
		ED0D704C2412AC48004EB2C3 /* Build configuration list for PBXNativeTarget "OpenGLTest" */ = {
			isa = XCConfigurationList;
			buildConfigurations = (
				ED0D704D2412AC48004EB2C3 /* Debug */,
				ED0D704E2412AC48004EB2C3 /* Release */,
			);
			defaultConfigurationIsVisible = 0;
			defaultConfigurationName = Release;
		};
/* End XCConfigurationList section */
	};
	rootObject = ED0D703D2412AC48004EB2C3 /* Project object */;
}
